<Solution>
  <Folder Name="/01/">
    <Project Path="EsParOrNot/EsParOrNot.csproj" />
  </Folder>
  <Folder Name="/02/">
    <Project Path="NumeroMayor/NumeroMayor.csproj" Id="071af967-eccd-4bd5-af70-517e7bf5e189" />
  </Folder>
  <Folder Name="/03/">
    <Project Path="OrdenarNumeros/OrdenarNumeros.csproj" Id="d1719db5-daf7-4fe6-a135-b1de98c4fa8b" />
  </Folder>
  <Folder Name="/04/">
    <Project Path="NumeroMultiploDeOtro/NumeroMultiploDeOtro.csproj" Id="b2f8f27d-5775-4526-bc38-bca7349959f0" />
  </Folder>
  <Folder Name="/05/">
    <Project Path="YearsBisiestos/YearsBisiestos.csproj" Id="ff6980db-c683-414b-bb43-a5ccbf2b5d17" />
  </Folder>
  <Folder Name="/06/">
    <Project Path="NominaSencilla/NominaSencilla.csproj" Id="fc2cdaed-3a56-4f41-9ff6-3d8a75549ca7" />
  </Folder>
  <Folder Name="/07/">
    <Project Path="Descuentos/Descuentos.csproj" Id="00e5145d-3a16-40b5-bf26-27db475268f0" />
  </Folder>
  <Folder Name="/08/">
    <Project Path="Valor_matricula/Valor_matricula.csproj" Id="716b39b8-9a7a-426c-9255-8777b7a9182d" />
  </Folder>
  <Folder Name="/09/">
    <Project Path="EnviosMercancias/EnviosMercancias.csproj" Id="1735ea0d-96c0-45ac-9e4a-eb97f8879316" />
  </Folder>
  <Project Path="Shared/Shared.csproj" Id="bc74ae71-4b02-4778-8ebb-4ea521ed6d9b" />
</Solution>
